{
  "nodes": {
    "nixpkgs": {
      "locked": {
        "lastModified": 1628165821,
        "narHash": "sha256-I/e2Y1TjUkaM787s3gaeaB8X2OvinP/ueZpYnJjN6G4=",
        "owner": "NixOS",
        "repo": "nixpkgs",
        "rev": "ff1ea3a36c1dfafdf0490e0d144c5a0ed0891bb9",
        "type": "github"
      },
      "original": {
        "id": "nixpkgs",
        "ref": "nixos-21.05",
        "type": "indirect"
      }
    },
    "openfoodfacts-server-src": {
      "flake": false,
      "locked": {
        "narHash": "sha256-DxCQuzaebtuwKYNXB6aG6ESd4dJcKNzNYrXn/mya700=",
        "path": "../.",
        "type": "path"
      },
      "original": {
        "path": "../.",
        "type": "path"
      }
    },
    "root": {
      "inputs": {
        "nixpkgs": "nixpkgs",
        "openfoodfacts-server-src": "openfoodfacts-server-src",
        "unstable": "unstable"
      }
    },
    "unstable": {
      "locked": {
        "lastModified": 1628121754,
        "narHash": "sha256-WQJSvlP/4f1pJCPM9Se+0x606jrUNgDiIUvF7GYxS2Q=",
        "owner": "NixOS",
        "repo": "nixpkgs",
        "rev": "5a82107589e6ba78a14b9a00c9ba268f1329a13f",
        "type": "github"
      },
      "original": {
        "id": "nixpkgs",
        "ref": "nixos-unstable",
        "type": "indirect"
      }
    }
  },
  "root": "root",
  "version": 7
}
