{
  "nodes": {
    "nixpkgs": {
      "locked": {
        "lastModified": 1628696776,
        "narHash": "sha256-K8+/IQNZDZltIu/KSf+Tz01OwNzTGgTch0ktMOWcxLg=",
        "owner": "NixOS",
        "repo": "nixpkgs",
        "rev": "927ce1afc1db40869a463a37ea2738c27d425f80",
        "type": "github"
      },
      "original": {
        "id": "nixpkgs",
        "ref": "nixos-21.05",
        "type": "indirect"
      }
    },
    "nixpkgs-ancient": {
      "flake": false,
      "locked": {
        "lastModified": 1552326686,
        "narHash": "sha256-HMaM8vG6EWmuz+fiMprQs2RpFF2cpkcDqzeDidRpb58=",
        "owner": "NixOS",
        "repo": "nixpkgs",
        "rev": "12408341763b8f2f0f0a88001d9650313f6371d5",
        "type": "github"
      },
      "original": {
        "owner": "NixOS",
        "repo": "nixpkgs",
        "rev": "12408341763b8f2f0f0a88001d9650313f6371d5",
        "type": "github"
      }
    },
    "openfoodfacts-server-src": {
      "flake": false,
      "locked": {
        "narHash": "sha256-WTCTKb0VWjW5MJLKtMMEpyuS4legMt+P0aF9RWveHgg=",
        "path": "../.",
        "type": "path"
      },
      "original": {
        "path": "../.",
        "type": "path"
      }
    },
    "root": {
      "inputs": {
        "nixpkgs": "nixpkgs",
        "nixpkgs-ancient": "nixpkgs-ancient",
        "openfoodfacts-server-src": "openfoodfacts-server-src",
        "unstable": "unstable"
      }
    },
    "unstable": {
      "locked": {
        "lastModified": 1628693817,
        "narHash": "sha256-WtlM8ptjcUUWRvbpkToKJHzLlGCEXZKGh+SfwUYHobA=",
        "owner": "NixOS",
        "repo": "nixpkgs",
        "rev": "9df2cb074d72ea80ac9fd225b29060c8cf13dd39",
        "type": "github"
      },
      "original": {
        "id": "nixpkgs",
        "ref": "nixos-unstable",
        "type": "indirect"
      }
    }
  },
  "root": "root",
  "version": 7
}
