{
  "nodes": {
    "nixpkgs": {
      "locked": {
        "lastModified": 1629975973,
        "narHash": "sha256-ziVq6UO408cfvVSjsjdctaRw/hatrCD/vlOtXdkvWcM=",
        "owner": "NixOS",
        "repo": "nixpkgs",
        "rev": "9d6766c0f0b3b03bd63ffc08b2e23e476145719d",
        "type": "github"
      },
      "original": {
        "id": "nixpkgs",
        "ref": "nixos-21.05",
        "type": "indirect"
      }
    },
    "openfoodfacts-server-src": {
      "flake": false,
      "locked": {
        "lastModified": 1627899958,
        "narHash": "sha256-hTO3LZ1DUdePOsk+/zWtOIyltDp0fY/u3iLs1pN3PVg=",
        "owner": "ngi-nix",
        "repo": "openfoodfacts-server",
        "rev": "1486b043e164424f7a549a3428f57a627fc6b3b0",
        "type": "github"
      },
      "original": {
        "owner": "ngi-nix",
        "repo": "openfoodfacts-server",
        "type": "github"
      }
    },
    "root": {
      "inputs": {
        "nixpkgs": "nixpkgs",
        "openfoodfacts-server-src": "openfoodfacts-server-src"
      }
    }
  },
  "root": "root",
  "version": 7
}
