{
  "nodes": {
    "arion": {
      "inputs": {
        "nixpkgs": "nixpkgs"
      },
      "locked": {
        "lastModified": 1630129451,
        "narHash": "sha256-YKtjgfiaO4awMl8fqlMlCr0dYtiOsKXplCQINTRGG5Y=",
        "owner": "hercules-ci",
        "repo": "arion",
        "rev": "ac20241a410874b09fd6ec29b3acb69abbf05314",
        "type": "github"
      },
      "original": {
        "owner": "hercules-ci",
        "repo": "arion",
        "type": "github"
      }
    },
    "nixpkgs": {
      "locked": {
        "lastModified": 1601906239,
        "narHash": "sha256-P1jBYbYeFswig/0FKbgh+BpVhh9iurD3m0T2ae4gdx8=",
        "owner": "NixOS",
        "repo": "nixpkgs",
        "rev": "c2bb4af48d26ed091e5674394bacbf8d488c7939",
        "type": "github"
      },
      "original": {
        "id": "nixpkgs",
        "type": "indirect"
      }
    },
    "nixpkgs_2": {
      "locked": {
        "lastModified": 1630481079,
        "narHash": "sha256-leWXLchbAbqOlLT6tju631G40SzQWPqaAXQG3zH1Imw=",
        "owner": "NixOS",
        "repo": "nixpkgs",
        "rev": "110a2c9ebbf5d4a94486854f18a37a938cfacbbb",
        "type": "github"
      },
      "original": {
        "id": "nixpkgs",
        "ref": "nixos-21.05",
        "type": "indirect"
      }
    },
    "npmlock2nix": {
      "flake": false,
      "locked": {
        "lastModified": 1630619263,
        "narHash": "sha256-daIsGZOGW2b9SJK+yLbwF1DoRoIZr3wo6agGpbTgk44=",
        "owner": "nix-community",
        "repo": "npmlock2nix",
        "rev": "fc3e7a257fca27c8f6d4f1b9e7a3f5b738953cdc",
        "type": "github"
      },
      "original": {
        "owner": "nix-community",
        "repo": "npmlock2nix",
        "type": "github"
      }
    },
    "openfoodfacts-server-src": {
      "flake": false,
      "locked": {
        "lastModified": 1627899958,
        "narHash": "sha256-hTO3LZ1DUdePOsk+/zWtOIyltDp0fY/u3iLs1pN3PVg=",
        "owner": "ngi-nix",
        "repo": "openfoodfacts-server",
        "rev": "1486b043e164424f7a549a3428f57a627fc6b3b0",
        "type": "github"
      },
      "original": {
        "owner": "ngi-nix",
        "repo": "openfoodfacts-server",
        "type": "github"
      }
    },
    "root": {
      "inputs": {
        "arion": "arion",
        "nixpkgs": "nixpkgs_2",
        "npmlock2nix": "npmlock2nix",
        "openfoodfacts-server-src": "openfoodfacts-server-src"
      }
    }
  },
  "root": "root",
  "version": 7
}
